
Microsoft Visual Studio Solution File, Format Version 12.00
Project("{FAE04EC0-301F-11D3-BF4B-00C04F79EFBC}") = "Start", "Start\Start.csproj", "{016A5BD4-B654-4331-B374-D9F3C12F0040}"
EndProject
Project("{FAE04EC0-301F-11D3-BF4B-00C04F79EFBC}") = "Unit", "Unit\Unit.csproj", "{6A63E375-B510-420C-86CF-D77612B01B80}"
EndProject
Global
	GlobalSection(SolutionConfigurationPlatforms) = preSolution
		Debug|Any CPU = Debug|Any CPU
		Release|Any CPU = Release|Any CPU
	EndGlobalSection
	GlobalSection(ProjectConfigurationPlatforms) = postSolution
		{016A5BD4-B654-4331-B374-D9F3C12F0040}.Debug|Any CPU.ActiveCfg = Debug|Any CPU
		{016A5BD4-B654-4331-B374-D9F3C12F0040}.Debug|Any CPU.Build.0 = Debug|Any CPU
		{016A5BD4-B654-4331-B374-D9F3C12F0040}.Release|Any CPU.ActiveCfg = Release|Any CPU
		{016A5BD4-B654-4331-B374-D9F3C12F0040}.Release|Any CPU.Build.0 = Release|Any CPU
		{6A63E375-B510-420C-86CF-D77612B01B80}.Debug|Any CPU.ActiveCfg = Debug|Any CPU
		{6A63E375-B510-420C-86CF-D77612B01B80}.Debug|Any CPU.Build.0 = Debug|Any CPU
		{6A63E375-B510-420C-86CF-D77612B01B80}.Release|Any CPU.ActiveCfg = Release|Any CPU
		{6A63E375-B510-420C-86CF-D77612B01B80}.Release|Any CPU.Build.0 = Release|Any CPU
	EndGlobalSection
EndGlobal
